{
  "name": "eatery-server",
  "version": "0.0.0",
  "lockfileVersion": 1,
  "requires": true,
  "dependencies": {
    "dotenv": {
      "version": "4.0.0",
      "resolved": "https://registry.npmjs.org/dotenv/-/dotenv-4.0.0.tgz",
      "integrity": "sha1-hk7xN5rO1Vzm+V3r7NzhefegzR0="
    },
    "dotenv-safe": {
      "version": "4.0.4",
      "resolved": "https://registry.npmjs.org/dotenv-safe/-/dotenv-safe-4.0.4.tgz",
      "integrity": "sha1-iw587Y5wsdPF2HTvlCDkBvOUJbM=",
      "requires": {
        "dotenv": "4.0.0"
      }
    }
  }
}
